{
  "name": "rmp-data",
  "version": "1.0.0",
  "lockfileVersion": 3,
  "requires": true,
  "packages": {
    "": {
      "name": "rmp-data",
      "version": "1.0.0",
      "license": "ISC",
      "dependencies": {
        "ratemyprofessor-api": "^1.0.1"
      }
    },
    "node_modules/ratemyprofessor-api": {
      "version": "1.0.1",
      "resolved": "https://registry.npmjs.org/ratemyprofessor-api/-/ratemyprofessor-api-1.0.1.tgz",
      "integrity": "sha512-wZiorgO4XBUGB+eH69kYfOkY5V5YvXUr+R6XIhOA5nBGD7yqOgJ3awrckQqcjwLwRS3qBS35aOqWEanTOElJ0g==",
      "license": "MIT"
    }
  }
}
